
Microsoft Visual Studio Solution File, Format Version 12.00
# Visual Studio Version 17
VisualStudioVersion = 17.1.32414.318
MinimumVisualStudioVersion = 10.0.40219.1
Project("{9A19103F-16F7-4668-BE54-9A1E7A4F7556}") = "CrmBusiness", "Model\CrmBusiness.csproj", "{B144A556-03B6-4AC2-ADA7-71F638F32D4F}"
EndProject
Project("{9A19103F-16F7-4668-BE54-9A1E7A4F7556}") = "CrmGui", "WinForm\CrmGui.csproj", "{30436E71-41D3-4724-8038-4508E0F2F619}"
EndProject
Project("{9A19103F-16F7-4668-BE54-9A1E7A4F7556}") = "TestCrmBusiness", "TestModel\TestCrmBusiness.csproj", "{1DFFCCA7-1439-4CE0-8786-C5B555342432}"
EndProject
Global
	GlobalSection(SolutionConfigurationPlatforms) = preSolution
		Debug|Any CPU = Debug|Any CPU
		Release|Any CPU = Release|Any CPU
	EndGlobalSection
	GlobalSection(ProjectConfigurationPlatforms) = postSolution
		{B144A556-03B6-4AC2-ADA7-71F638F32D4F}.Debug|Any CPU.ActiveCfg = Debug|Any CPU
		{B144A556-03B6-4AC2-ADA7-71F638F32D4F}.Debug|Any CPU.Build.0 = Debug|Any CPU
		{B144A556-03B6-4AC2-ADA7-71F638F32D4F}.Release|Any CPU.ActiveCfg = Release|Any CPU
		{B144A556-03B6-4AC2-ADA7-71F638F32D4F}.Release|Any CPU.Build.0 = Release|Any CPU
		{30436E71-41D3-4724-8038-4508E0F2F619}.Debug|Any CPU.ActiveCfg = Debug|Any CPU
		{30436E71-41D3-4724-8038-4508E0F2F619}.Debug|Any CPU.Build.0 = Debug|Any CPU
		{30436E71-41D3-4724-8038-4508E0F2F619}.Release|Any CPU.ActiveCfg = Release|Any CPU
		{30436E71-41D3-4724-8038-4508E0F2F619}.Release|Any CPU.Build.0 = Release|Any CPU
		{1DFFCCA7-1439-4CE0-8786-C5B555342432}.Debug|Any CPU.ActiveCfg = Debug|Any CPU
		{1DFFCCA7-1439-4CE0-8786-C5B555342432}.Debug|Any CPU.Build.0 = Debug|Any CPU
		{1DFFCCA7-1439-4CE0-8786-C5B555342432}.Release|Any CPU.ActiveCfg = Release|Any CPU
		{1DFFCCA7-1439-4CE0-8786-C5B555342432}.Release|Any CPU.Build.0 = Release|Any CPU
	EndGlobalSection
	GlobalSection(SolutionProperties) = preSolution
		HideSolutionNode = FALSE
	EndGlobalSection
	GlobalSection(ExtensibilityGlobals) = postSolution
		SolutionGuid = {680110A6-82D8-4D4C-9FD4-23AEF145FA72}
	EndGlobalSection
EndGlobal
